{
  "requires": true,
  "lockfileVersion": 1,
  "dependencies": {
    "createjs": {
      "version": "1.0.1",
      "resolved": "https://registry.npmjs.org/createjs/-/createjs-1.0.1.tgz",
      "integrity": "sha512-VutFczgM8GNzOSiFKlYEwFRgZRMQkZt34ooaewKi7lzxuQ7JSsUs/Y1qb95G4CKOnHA/C/yghCJ6wfivuKOawA=="
    },
    "easeljs": {
      "version": "1.0.2",
      "resolved": "https://registry.npmjs.org/easeljs/-/easeljs-1.0.2.tgz",
      "integrity": "sha512-PQTsiud32vrUIqZCbynjOJjCzoEp0xH+MRusRCdsZ1MzL4LCE2vp4Sa5cr6aShB3mK4vMZ8LFPnts4xuFhjEmg==",
      "requires": {
        "hammerjs": "^2.0.8"
      }
    },
    "hammerjs": {
      "version": "2.0.8",
      "resolved": "https://registry.npmjs.org/hammerjs/-/hammerjs-2.0.8.tgz",
      "integrity": "sha1-BO93hiz/K7edMPdpIJWTAiK/YPE="
    },
    "tweenjs": {
      "version": "1.0.2",
      "resolved": "https://registry.npmjs.org/tweenjs/-/tweenjs-1.0.2.tgz",
      "integrity": "sha512-WnFozCNkUkmJtLqJyGrToxVojW2Srzudktr8BzFKQijQRVcmlq7Fc+qfo75ccnwIJGiRWbXKfg7qU67Tzbb1bg=="
    }
  }
}
